
Microsoft Visual Studio Solution File, Format Version 11.00
# Visual Studio 2010
Project("{FAE04EC0-301F-11D3-BF4B-00C04F79EFBC}") = "QuikPix", "QuikPix\QuikPix.csproj", "{D95DCDA0-4A32-467E-9E94-281D4E9EEF39}"
EndProject
Project("{FAE04EC0-301F-11D3-BF4B-00C04F79EFBC}") = "NetflixWrapper", "NetflixWrapper\NetflixWrapper.csproj", "{C5B5537D-594B-41D1-BAAF-913FEC3A7338}"
EndProject
Project("{FAE04EC0-301F-11D3-BF4B-00C04F79EFBC}") = "QuikPix.Core", "QuikPix.Domain\QuikPix.Core.csproj", "{34506B5F-77DC-427D-9A79-A1A481D9C8DD}"
EndProject
Project("{FAE04EC0-301F-11D3-BF4B-00C04F79EFBC}") = "QuixPix.CatalogParser", "QuixPix.CatalogParser\QuixPix.CatalogParser.csproj", "{1E45CC5F-81E1-467A-84BA-8A021C205961}"
EndProject
Global
	GlobalSection(SolutionConfigurationPlatforms) = preSolution
		Debug|Any CPU = Debug|Any CPU
		Debug|Mixed Platforms = Debug|Mixed Platforms
		Debug|x86 = Debug|x86
		Release|Any CPU = Release|Any CPU
		Release|Mixed Platforms = Release|Mixed Platforms
		Release|x86 = Release|x86
	EndGlobalSection
	GlobalSection(ProjectConfigurationPlatforms) = postSolution
		{D95DCDA0-4A32-467E-9E94-281D4E9EEF39}.Debug|Any CPU.ActiveCfg = Debug|x86
		{D95DCDA0-4A32-467E-9E94-281D4E9EEF39}.Debug|Mixed Platforms.ActiveCfg = Debug|x86
		{D95DCDA0-4A32-467E-9E94-281D4E9EEF39}.Debug|Mixed Platforms.Build.0 = Debug|x86
		{D95DCDA0-4A32-467E-9E94-281D4E9EEF39}.Debug|x86.ActiveCfg = Debug|x86
		{D95DCDA0-4A32-467E-9E94-281D4E9EEF39}.Debug|x86.Build.0 = Debug|x86
		{D95DCDA0-4A32-467E-9E94-281D4E9EEF39}.Release|Any CPU.ActiveCfg = Release|x86
		{D95DCDA0-4A32-467E-9E94-281D4E9EEF39}.Release|Mixed Platforms.ActiveCfg = Release|x86
		{D95DCDA0-4A32-467E-9E94-281D4E9EEF39}.Release|Mixed Platforms.Build.0 = Release|x86
		{D95DCDA0-4A32-467E-9E94-281D4E9EEF39}.Release|x86.ActiveCfg = Release|x86
		{D95DCDA0-4A32-467E-9E94-281D4E9EEF39}.Release|x86.Build.0 = Release|x86
		{C5B5537D-594B-41D1-BAAF-913FEC3A7338}.Debug|Any CPU.ActiveCfg = Debug|Any CPU
		{C5B5537D-594B-41D1-BAAF-913FEC3A7338}.Debug|Any CPU.Build.0 = Debug|Any CPU
		{C5B5537D-594B-41D1-BAAF-913FEC3A7338}.Debug|Mixed Platforms.ActiveCfg = Debug|Any CPU
		{C5B5537D-594B-41D1-BAAF-913FEC3A7338}.Debug|Mixed Platforms.Build.0 = Debug|Any CPU
		{C5B5537D-594B-41D1-BAAF-913FEC3A7338}.Debug|x86.ActiveCfg = Debug|Any CPU
		{C5B5537D-594B-41D1-BAAF-913FEC3A7338}.Release|Any CPU.ActiveCfg = Release|Any CPU
		{C5B5537D-594B-41D1-BAAF-913FEC3A7338}.Release|Any CPU.Build.0 = Release|Any CPU
		{C5B5537D-594B-41D1-BAAF-913FEC3A7338}.Release|Mixed Platforms.ActiveCfg = Release|Any CPU
		{C5B5537D-594B-41D1-BAAF-913FEC3A7338}.Release|Mixed Platforms.Build.0 = Release|Any CPU
		{C5B5537D-594B-41D1-BAAF-913FEC3A7338}.Release|x86.ActiveCfg = Release|Any CPU
		{34506B5F-77DC-427D-9A79-A1A481D9C8DD}.Debug|Any CPU.ActiveCfg = Debug|Any CPU
		{34506B5F-77DC-427D-9A79-A1A481D9C8DD}.Debug|Any CPU.Build.0 = Debug|Any CPU
		{34506B5F-77DC-427D-9A79-A1A481D9C8DD}.Debug|Mixed Platforms.ActiveCfg = Debug|Any CPU
		{34506B5F-77DC-427D-9A79-A1A481D9C8DD}.Debug|Mixed Platforms.Build.0 = Debug|Any CPU
		{34506B5F-77DC-427D-9A79-A1A481D9C8DD}.Debug|x86.ActiveCfg = Debug|Any CPU
		{34506B5F-77DC-427D-9A79-A1A481D9C8DD}.Release|Any CPU.ActiveCfg = Release|Any CPU
		{34506B5F-77DC-427D-9A79-A1A481D9C8DD}.Release|Any CPU.Build.0 = Release|Any CPU
		{34506B5F-77DC-427D-9A79-A1A481D9C8DD}.Release|Mixed Platforms.ActiveCfg = Release|Any CPU
		{34506B5F-77DC-427D-9A79-A1A481D9C8DD}.Release|Mixed Platforms.Build.0 = Release|Any CPU
		{34506B5F-77DC-427D-9A79-A1A481D9C8DD}.Release|x86.ActiveCfg = Release|Any CPU
		{1E45CC5F-81E1-467A-84BA-8A021C205961}.Debug|Any CPU.ActiveCfg = Debug|x86
		{1E45CC5F-81E1-467A-84BA-8A021C205961}.Debug|Mixed Platforms.ActiveCfg = Debug|x86
		{1E45CC5F-81E1-467A-84BA-8A021C205961}.Debug|Mixed Platforms.Build.0 = Debug|x86
		{1E45CC5F-81E1-467A-84BA-8A021C205961}.Debug|x86.ActiveCfg = Debug|x86
		{1E45CC5F-81E1-467A-84BA-8A021C205961}.Debug|x86.Build.0 = Debug|x86
		{1E45CC5F-81E1-467A-84BA-8A021C205961}.Release|Any CPU.ActiveCfg = Release|x86
		{1E45CC5F-81E1-467A-84BA-8A021C205961}.Release|Mixed Platforms.ActiveCfg = Release|x86
		{1E45CC5F-81E1-467A-84BA-8A021C205961}.Release|Mixed Platforms.Build.0 = Release|x86
		{1E45CC5F-81E1-467A-84BA-8A021C205961}.Release|x86.ActiveCfg = Release|x86
		{1E45CC5F-81E1-467A-84BA-8A021C205961}.Release|x86.Build.0 = Release|x86
	EndGlobalSection
	GlobalSection(SolutionProperties) = preSolution
		HideSolutionNode = FALSE
	EndGlobalSection
EndGlobal
